core:changelogs:
  - content: "---\npackages:\n  npm:@fumari/sponsors:\n    type: patch\n---\n\n## Fix user to organization website url mapping\n"
    filename: 2026-08-02-msbtwox5.md
    v: 0.0.0
core:packages:
  - changelogIds:
      - 2026-08-02-msbtwox5.md
    id: npm:@fumari/sponsors
    updated: true
npm:packages:
  - id: npm:@fumari/sponsors
  - id: npm:fuma-nama
